
Microsoft Visual Studio Solution File, Format Version 12.00
# Visual Studio Version 17
VisualStudioVersion = 17.7.34031.279
MinimumVisualStudioVersion = 10.0.40219.1
Project("{FAE04EC0-301F-11D3-BF4B-00C04F79EFBC}") = "DapperCrud", "DapperCrud\DapperCrud.csproj", "{339324BA-38C2-4286-9981-D875DE5814A8}"
EndProject
Global
	GlobalSection(SolutionConfigurationPlatforms) = preSolution
		Debug|Any CPU = Debug|Any CPU
		Release|Any CPU = Release|Any CPU
	EndGlobalSection
	GlobalSection(ProjectConfigurationPlatforms) = postSolution
		{339324BA-38C2-4286-9981-D875DE5814A8}.Debug|Any CPU.ActiveCfg = Debug|Any CPU
		{339324BA-38C2-4286-9981-D875DE5814A8}.Debug|Any CPU.Build.0 = Debug|Any CPU
		{339324BA-38C2-4286-9981-D875DE5814A8}.Release|Any CPU.ActiveCfg = Release|Any CPU
		{339324BA-38C2-4286-9981-D875DE5814A8}.Release|Any CPU.Build.0 = Release|Any CPU
	EndGlobalSection
	GlobalSection(SolutionProperties) = preSolution
		HideSolutionNode = FALSE
	EndGlobalSection
	GlobalSection(ExtensibilityGlobals) = postSolution
		SolutionGuid = {C9FAC07A-5BD8-4A2D-B49C-741CEEBB90A4}
	EndGlobalSection
EndGlobal
